PODS:
  - Alamofire (4.5.0)
  - KeychainAccess (3.0.2)
  - Kingfisher (3.10.4)
  - Moya (8.0.5):
    - Moya/Core (= 8.0.5)
  - Moya/Core (8.0.5):
    - Alamofire (~> 4.1)
    - Result (~> 3.0)
  - Result (3.2.3)

DEPENDENCIES:
  - KeychainAccess
  - Kingfisher (~> 3.0)
  - Moya

SPEC CHECKSUMS:
  Alamofire: f28cdffd29de33a7bfa022cbd63ae95a27fae140
  KeychainAccess: a986406022dfc7c634c691ad3bec670cc6a32002
  Kingfisher: dc3a4983e86d2dfa89513664983a82340c11a289
  Moya: c37eec09a098ba9991b5a963b291fc5704bdb9ef
  Result: 128640a6347e8d2ae48b142556739a2d13f90ce6

PODFILE CHECKSUM: beb0666b467f4e58c586762dbd593449417811dc

COCOAPODS: 1.1.1
